
Microsoft Visual Studio Solution File, Format Version 12.00
# Visual Studio 15
VisualStudioVersion = 15.0.27004.2005
MinimumVisualStudioVersion = 10.0.40219.1
Project("{FAE04EC0-301F-11D3-BF4B-00C04F79EFBC}") = "HotelBooking", "HotelBooking\HotelBooking.csproj", "{ECB5C4AD-C234-4F73-B2B2-60D6C1D51583}"
EndProject
Project("{FAE04EC0-301F-11D3-BF4B-00C04F79EFBC}") = "HotelBookingTests", "HotelBookingTests\HotelBookingTests.csproj", "{97393C0A-8295-4FF0-97C5-96B75CDF60AF}"
EndProject
Project("{FAE04EC0-301F-11D3-BF4B-00C04F79EFBC}") = "HotelBase", "HotelBase\HotelBase.csproj", "{E4D075E2-B9B7-47E6-8DCB-67B7BD1A52DC}"
EndProject
Project("{FAE04EC0-301F-11D3-BF4B-00C04F79EFBC}") = "HotelExceptions", "HotelExceptions\HotelExceptions.csproj", "{887530F0-79F0-47E5-9F2B-042F3383BB8E}"
EndProject
Global
	GlobalSection(SolutionConfigurationPlatforms) = preSolution
		Debug|Any CPU = Debug|Any CPU
		Release|Any CPU = Release|Any CPU
	EndGlobalSection
	GlobalSection(ProjectConfigurationPlatforms) = postSolution
		{ECB5C4AD-C234-4F73-B2B2-60D6C1D51583}.Debug|Any CPU.ActiveCfg = Debug|Any CPU
		{ECB5C4AD-C234-4F73-B2B2-60D6C1D51583}.Debug|Any CPU.Build.0 = Debug|Any CPU
		{ECB5C4AD-C234-4F73-B2B2-60D6C1D51583}.Release|Any CPU.ActiveCfg = Release|Any CPU
		{ECB5C4AD-C234-4F73-B2B2-60D6C1D51583}.Release|Any CPU.Build.0 = Release|Any CPU
		{97393C0A-8295-4FF0-97C5-96B75CDF60AF}.Debug|Any CPU.ActiveCfg = Debug|Any CPU
		{97393C0A-8295-4FF0-97C5-96B75CDF60AF}.Debug|Any CPU.Build.0 = Debug|Any CPU
		{97393C0A-8295-4FF0-97C5-96B75CDF60AF}.Release|Any CPU.ActiveCfg = Release|Any CPU
		{97393C0A-8295-4FF0-97C5-96B75CDF60AF}.Release|Any CPU.Build.0 = Release|Any CPU
		{E4D075E2-B9B7-47E6-8DCB-67B7BD1A52DC}.Debug|Any CPU.ActiveCfg = Debug|Any CPU
		{E4D075E2-B9B7-47E6-8DCB-67B7BD1A52DC}.Debug|Any CPU.Build.0 = Debug|Any CPU
		{E4D075E2-B9B7-47E6-8DCB-67B7BD1A52DC}.Release|Any CPU.ActiveCfg = Release|Any CPU
		{E4D075E2-B9B7-47E6-8DCB-67B7BD1A52DC}.Release|Any CPU.Build.0 = Release|Any CPU
		{887530F0-79F0-47E5-9F2B-042F3383BB8E}.Debug|Any CPU.ActiveCfg = Debug|Any CPU
		{887530F0-79F0-47E5-9F2B-042F3383BB8E}.Debug|Any CPU.Build.0 = Debug|Any CPU
		{887530F0-79F0-47E5-9F2B-042F3383BB8E}.Release|Any CPU.ActiveCfg = Release|Any CPU
		{887530F0-79F0-47E5-9F2B-042F3383BB8E}.Release|Any CPU.Build.0 = Release|Any CPU
	EndGlobalSection
	GlobalSection(SolutionProperties) = preSolution
		HideSolutionNode = FALSE
	EndGlobalSection
	GlobalSection(ExtensibilityGlobals) = postSolution
		SolutionGuid = {9316DCA8-92B7-47C8-86E6-AEE83ACF8CC5}
	EndGlobalSection
EndGlobal
